
Microsoft Visual Studio Solution File, Format Version 12.00
# Visual Studio 2015
Project("{FAE04EC0-301F-11D3-BF4B-00C04F79EFBC}") = "gbjam6.CSharp", "gbjam6.CSharp.csproj", "{47206D0B-7A57-24C0-7598-E0F2BDDED84A}"
EndProject
Global
	GlobalSection(SolutionConfigurationPlatforms) = preSolution
		Debug|Any CPU = Debug|Any CPU
		Release|Any CPU = Release|Any CPU
	EndGlobalSection
	GlobalSection(ProjectConfigurationPlatforms) = postSolution
		{47206D0B-7A57-24C0-7598-E0F2BDDED84A}.Debug|Any CPU.ActiveCfg = Debug|Any CPU
		{47206D0B-7A57-24C0-7598-E0F2BDDED84A}.Debug|Any CPU.Build.0 = Debug|Any CPU
		{47206D0B-7A57-24C0-7598-E0F2BDDED84A}.Release|Any CPU.ActiveCfg = Release|Any CPU
		{47206D0B-7A57-24C0-7598-E0F2BDDED84A}.Release|Any CPU.Build.0 = Release|Any CPU
	EndGlobalSection
	GlobalSection(SolutionProperties) = preSolution
		HideSolutionNode = FALSE
	EndGlobalSection
EndGlobal
